github.com/PaesslerAG/gval v1.0.0 h1:GEKnRwkWDdf9dOmKcNrar9EA1bz1z9DqPIO1+iLzhd8=
github.com/PaesslerAG/gval v1.0.0/go.mod h1:y/nm5yEyTeX6av0OfKJNp9rBNj2XrGhAf5+v24IBN1I=
github.com/PaesslerAG/jsonpath v0.1.0/go.mod h1:4BzmtoM/PI8fPO4aQGIusjGxGir2BzcV0grWtFzq1Y8=
github.com/PaesslerAG/jsonpath v0.1.1 h1:c1/AToHQMVsduPAa4Vh6xp2U0evy4t8SWp8imEsylIk=
github.com/PaesslerAG/jsonpath v0.1.1/go.mod h1:lVboNxFGal/VwW6d9JzIy56bUsYAP6tH/x80vjnCseY=
github.com/bhmj/jsonslice v1.1.2 h1:Lzen2S9iG3HsESpiIAnTM7Obs1QiTz83ZXa5YrpTTWI=
github.com/bhmj/jsonslice v1.1.2/go.mod h1:O3ZoA0zdEefdbk1dkU5aWPOA36zQhhS/HV6RQFLTlnU=
github.com/bhmj/xpression v0.9.1 h1:N7bX/nWx9oFi/zsiMTx2ehoRApTDAWdQadq/5o2wMGk=
github.com/bhmj/xpression v0.9.1/go.mod h1:j9oYmEXJjeL9mrgW1+ZDBKJXnbupsCPGhlO9J5YhS1Q=
github.com/davecgh/go-spew v1.1.0 h1:ZDRjVQ15GmhC3fiQ8ni8+OwkZQO4DARzQgrnXU1Liz8=
github.com/davecgh/go-spew v1.1.0/go.mod h1:J7Y8YcW2NihsgmVo/mv3lAwl/skON4iLHjSsI+c5H38=
github.com/evilmonkeyinc/jsonpath v0.7.2 h1:QfnIN8jFo3JOQNLkwhuAg8uPJbJz4NcCV+LRPCLLuoQ=
github.com/evilmonkeyinc/jsonpath v0.7.2/go.mod h1:exI6Yme6vucFk2m/1iVtxPaHGI17Dy9uWfsqbJ4iGHM=
github.com/evilmonkeyinc/jsonpath v0.8.0 h1:pbpYmBeA1Cu1iPYP+O+VPrkv2dDOGhtK0y4baLYp3Rg=
github.com/evilmonkeyinc/jsonpath v0.8.0/go.mod h1:exI6Yme6vucFk2m/1iVtxPaHGI17Dy9uWfsqbJ4iGHM=
github.com/evilmonkeyinc/jsonpath v0.8.1 h1:W8K4t8u7aipkQE0hcTICGAdAN0Xph349LtjgSoofvVo=
github.com/evilmonkeyinc/jsonpath v0.8.1/go.mod h1:EQhs0ZsoD4uD56ZJbO30gMTfHLQ6DEa0/5rT5Ymy42s=
github.com/oliveagle/jsonpath v0.0.0-20180606110733-2e52cf6e6852 h1:Yl0tPBa8QPjGmesFh1D0rDy+q1Twx6FyU7VWHi8wZbI=
github.com/oliveagle/jsonpath v0.0.0-20180606110733-2e52cf6e6852/go.mod h1:eqOVx5Vwu4gd2mmMZvVZsgIqNSaW3xxRThUJ0k/TPk4=
github.com/pmezard/go-difflib v1.0.0 h1:4DBwDE0NGyQoBHbLQYPwSUPoCMWR5BEzIk/f1lZbAQM=
github.com/pmezard/go-difflib v1.0.0/go.mod h1:iKH77koFhYxTK1pcRnkKkqfTogsbg7gZNVY4sRDYZ/4=
github.com/spyzhov/ajson v0.7.0 h1:iDvpu9sYuWS2QvWjne/hJM7kdlgA6xyJCH7/y+kEbMI=
github.com/spyzhov/ajson v0.7.0/go.mod h1:63V+CGM6f1Bu/p4nLIN8885ojBdt88TbLoSFzyqMuVA=
github.com/spyzhov/ajson v0.7.2 h1:kyl+ovUoId/RSBbSbCm31xyQvPixA6Sxgvb0eWyt1Ko=
github.com/spyzhov/ajson v0.7.2/go.mod h1:63V+CGM6f1Bu/p4nLIN8885ojBdt88TbLoSFzyqMuVA=
github.com/stretchr/objx v0.1.0/go.mod h1:HFkY916IF+rwdDfMAkV7OtwuqBVzrE8GR6GFx+wExME=
github.com/stretchr/testify v1.7.0 h1:nwc3DEeHmmLAfoZucVR881uASk0Mfjw8xYJ99tb5CcY=
github.com/stretchr/testify v1.7.0/go.mod h1:6Fq8oRcR53rry900zMqJjRRixrwX3KX962/h/Wwjteg=
gopkg.in/check.v1 v0.0.0-20161208181325-20d25e280405/go.mod h1:Co6ibVJAznAaIkqp8huTwlJQCZ016jof/cbN4VW5Yz0=
gopkg.in/yaml.v3 v3.0.0-20200313102051-9f266ea9e77c h1:dUUwHk2QECo/6vqA44rthZ8ie2QXMNeKRTHCNY2nXvo=
gopkg.in/yaml.v3 v3.0.0-20200313102051-9f266ea9e77c/go.mod h1:K4uyk7z7BCEPqu6E+C64Yfv1cQ7kz7rIZviUmN+EgEM=
